
Microsoft Visual Studio Solution File, Format Version 12.00
# Visual Studio Version 17
VisualStudioVersion = 17.12.35527.113
MinimumVisualStudioVersion = 10.0.40219.1
Project("{FAE04EC0-301F-11D3-BF4B-00C04F79EFBC}") = "ClassesImportantes", "ClassesImportantes\ClassesImportantes.csproj", "{D4D5A49C-4CF1-477F-87B3-9192EAE059EC}"
EndProject
Project("{FAE04EC0-301F-11D3-BF4B-00C04F79EFBC}") = "ThreadConsole_", "ThreadConsole_\ThreadConsole_.csproj", "{1E072049-4169-42CA-B7EA-C1C11985954C}"
EndProject
Project("{FAE04EC0-301F-11D3-BF4B-00C04F79EFBC}") = "ThreadForms", "ThreadForms\ThreadForms.csproj", "{BFC4EEA0-0157-4951-8747-8B9CB7906EFD}"
EndProject
Project("{FAE04EC0-301F-11D3-BF4B-00C04F79EFBC}") = "TaskConsole", "TaskConsole\TaskConsole.csproj", "{F5705168-7CAB-44EB-BE84-C1A8555B6CB0}"
EndProject
Global
	GlobalSection(SolutionConfigurationPlatforms) = preSolution
		Debug|Any CPU = Debug|Any CPU
		Release|Any CPU = Release|Any CPU
	EndGlobalSection
	GlobalSection(ProjectConfigurationPlatforms) = postSolution
		{D4D5A49C-4CF1-477F-87B3-9192EAE059EC}.Debug|Any CPU.ActiveCfg = Debug|Any CPU
		{D4D5A49C-4CF1-477F-87B3-9192EAE059EC}.Debug|Any CPU.Build.0 = Debug|Any CPU
		{D4D5A49C-4CF1-477F-87B3-9192EAE059EC}.Release|Any CPU.ActiveCfg = Release|Any CPU
		{D4D5A49C-4CF1-477F-87B3-9192EAE059EC}.Release|Any CPU.Build.0 = Release|Any CPU
		{1E072049-4169-42CA-B7EA-C1C11985954C}.Debug|Any CPU.ActiveCfg = Debug|Any CPU
		{1E072049-4169-42CA-B7EA-C1C11985954C}.Debug|Any CPU.Build.0 = Debug|Any CPU
		{1E072049-4169-42CA-B7EA-C1C11985954C}.Release|Any CPU.ActiveCfg = Release|Any CPU
		{1E072049-4169-42CA-B7EA-C1C11985954C}.Release|Any CPU.Build.0 = Release|Any CPU
		{BFC4EEA0-0157-4951-8747-8B9CB7906EFD}.Debug|Any CPU.ActiveCfg = Debug|Any CPU
		{BFC4EEA0-0157-4951-8747-8B9CB7906EFD}.Debug|Any CPU.Build.0 = Debug|Any CPU
		{BFC4EEA0-0157-4951-8747-8B9CB7906EFD}.Release|Any CPU.ActiveCfg = Release|Any CPU
		{BFC4EEA0-0157-4951-8747-8B9CB7906EFD}.Release|Any CPU.Build.0 = Release|Any CPU
		{F5705168-7CAB-44EB-BE84-C1A8555B6CB0}.Debug|Any CPU.ActiveCfg = Debug|Any CPU
		{F5705168-7CAB-44EB-BE84-C1A8555B6CB0}.Debug|Any CPU.Build.0 = Debug|Any CPU
		{F5705168-7CAB-44EB-BE84-C1A8555B6CB0}.Release|Any CPU.ActiveCfg = Release|Any CPU
		{F5705168-7CAB-44EB-BE84-C1A8555B6CB0}.Release|Any CPU.Build.0 = Release|Any CPU
	EndGlobalSection
	GlobalSection(SolutionProperties) = preSolution
		HideSolutionNode = FALSE
	EndGlobalSection
EndGlobal
